
Microsoft Visual Studio Solution File, Format Version 12.00
# Visual Studio Version 17
VisualStudioVersion = 17.11.35222.181
MinimumVisualStudioVersion = 10.0.40219.1
Project("{9A19103F-16F7-4668-BE54-9A1E7A4F7556}") = "PostServer", "Server\PostServer.csproj", "{615F9C33-9AEC-4D6E-92CD-E8E12995EF9D}"
	ProjectSection(ProjectDependencies) = postProject
		{2CD87F1D-85BE-4FAA-BF9D-D6FB4CC63537} = {2CD87F1D-85BE-4FAA-BF9D-D6FB4CC63537}
	EndProjectSection
EndProject
Project("{9A19103F-16F7-4668-BE54-9A1E7A4F7556}") = "PGAdminDAL", "PGAdminDAL\PGAdminDAL.csproj", "{2CD87F1D-85BE-4FAA-BF9D-D6FB4CC63537}"
EndProject
Project("{9A19103F-16F7-4668-BE54-9A1E7A4F7556}") = "RedisDAL", "RedisDAL\RedisDAL.csproj", "{A1193D6F-055D-4795-9BCF-618EBA4E81CF}"
EndProject
Project("{E53339B2-1760-4266-BCC7-CA923CBCF16C}") = "docker-compose", "docker-compose.dcproj", "{1DE51001-4F70-4DF3-9383-B5AEAE7B8CB7}"
EndProject
Project("{FAE04EC0-301F-11D3-BF4B-00C04F79EFBC}") = "NoSQL", "NoSQL\NoSQL.csproj", "{ADAF3B83-E2FA-4DEC-986E-574FC074BBD7}"
EndProject
Project("{2150E333-8FDC-42A3-9474-1A3956D46DE8}") = "Grpc", "Grpc", "{DB84581F-7988-4EF1-AEEE-A08F7C3EB504}"
EndProject
Project("{FAE04EC0-301F-11D3-BF4B-00C04F79EFBC}") = "GrpcService", "GrpcService\GrpcService.csproj", "{940F4549-4E75-43B6-A6FF-7EF69A36E917}"
EndProject
Project("{FAE04EC0-301F-11D3-BF4B-00C04F79EFBC}") = "MediaServer", "MediaServer\MediaServer.csproj", "{AB1ED248-3F06-4B32-BBFD-C184A9C68D6C}"
EndProject
Project("{FAE04EC0-301F-11D3-BF4B-00C04F79EFBC}") = "GrpcClient", "GrpcClient\GrpcClient.csproj", "{8577CEC2-C842-4F41-94AF-B527BECE1A55}"
EndProject
Project("{FAE04EC0-301F-11D3-BF4B-00C04F79EFBC}") = "MessagesServer", "Messages\MessagesServer.csproj", "{452881E0-5854-4682-AA58-1F533039FCD1}"
EndProject
Project("{FAE04EC0-301F-11D3-BF4B-00C04F79EFBC}") = "AuthServer", "AuthServer\AuthServer.csproj", "{1DAA2E76-7B16-4C94-9556-D46FD75572F1}"
EndProject
Project("{FAE04EC0-301F-11D3-BF4B-00C04F79EFBC}") = "AdminServer", "AdminServer\AdminServer.csproj", "{43DF5534-B4F4-4CCE-B218-B012301E0CC7}"
EndProject
Project("{FAE04EC0-301F-11D3-BF4B-00C04F79EFBC}") = "UserServer", "UserServer\UserServer.csproj", "{153687CC-2A61-4E4C-B657-2916E86D2CC3}"
EndProject
Project("{FAE04EC0-301F-11D3-BF4B-00C04F79EFBC}") = "KafkaLibrary", "KafkaLibrary\KafkaLibrary.csproj", "{38690557-4821-476D-950F-C0C4C5DC064A}"
EndProject
Global
	GlobalSection(SolutionConfigurationPlatforms) = preSolution
		Debug|Any CPU = Debug|Any CPU
		Release|Any CPU = Release|Any CPU
	EndGlobalSection
	GlobalSection(ProjectConfigurationPlatforms) = postSolution
		{615F9C33-9AEC-4D6E-92CD-E8E12995EF9D}.Debug|Any CPU.ActiveCfg = Debug|Any CPU
		{615F9C33-9AEC-4D6E-92CD-E8E12995EF9D}.Debug|Any CPU.Build.0 = Debug|Any CPU
		{615F9C33-9AEC-4D6E-92CD-E8E12995EF9D}.Release|Any CPU.ActiveCfg = Release|Any CPU
		{615F9C33-9AEC-4D6E-92CD-E8E12995EF9D}.Release|Any CPU.Build.0 = Release|Any CPU
		{2CD87F1D-85BE-4FAA-BF9D-D6FB4CC63537}.Debug|Any CPU.ActiveCfg = Debug|Any CPU
		{2CD87F1D-85BE-4FAA-BF9D-D6FB4CC63537}.Debug|Any CPU.Build.0 = Debug|Any CPU
		{2CD87F1D-85BE-4FAA-BF9D-D6FB4CC63537}.Release|Any CPU.ActiveCfg = Release|Any CPU
		{2CD87F1D-85BE-4FAA-BF9D-D6FB4CC63537}.Release|Any CPU.Build.0 = Release|Any CPU
		{A1193D6F-055D-4795-9BCF-618EBA4E81CF}.Debug|Any CPU.ActiveCfg = Debug|Any CPU
		{A1193D6F-055D-4795-9BCF-618EBA4E81CF}.Debug|Any CPU.Build.0 = Debug|Any CPU
		{A1193D6F-055D-4795-9BCF-618EBA4E81CF}.Release|Any CPU.ActiveCfg = Release|Any CPU
		{A1193D6F-055D-4795-9BCF-618EBA4E81CF}.Release|Any CPU.Build.0 = Release|Any CPU
		{1DE51001-4F70-4DF3-9383-B5AEAE7B8CB7}.Debug|Any CPU.ActiveCfg = Debug|Any CPU
		{1DE51001-4F70-4DF3-9383-B5AEAE7B8CB7}.Debug|Any CPU.Build.0 = Debug|Any CPU
		{1DE51001-4F70-4DF3-9383-B5AEAE7B8CB7}.Release|Any CPU.ActiveCfg = Release|Any CPU
		{1DE51001-4F70-4DF3-9383-B5AEAE7B8CB7}.Release|Any CPU.Build.0 = Release|Any CPU
		{ADAF3B83-E2FA-4DEC-986E-574FC074BBD7}.Debug|Any CPU.ActiveCfg = Debug|Any CPU
		{ADAF3B83-E2FA-4DEC-986E-574FC074BBD7}.Debug|Any CPU.Build.0 = Debug|Any CPU
		{ADAF3B83-E2FA-4DEC-986E-574FC074BBD7}.Release|Any CPU.ActiveCfg = Release|Any CPU
		{ADAF3B83-E2FA-4DEC-986E-574FC074BBD7}.Release|Any CPU.Build.0 = Release|Any CPU
		{940F4549-4E75-43B6-A6FF-7EF69A36E917}.Debug|Any CPU.ActiveCfg = Debug|Any CPU
		{940F4549-4E75-43B6-A6FF-7EF69A36E917}.Debug|Any CPU.Build.0 = Debug|Any CPU
		{940F4549-4E75-43B6-A6FF-7EF69A36E917}.Release|Any CPU.ActiveCfg = Release|Any CPU
		{940F4549-4E75-43B6-A6FF-7EF69A36E917}.Release|Any CPU.Build.0 = Release|Any CPU
		{AB1ED248-3F06-4B32-BBFD-C184A9C68D6C}.Debug|Any CPU.ActiveCfg = Debug|Any CPU
		{AB1ED248-3F06-4B32-BBFD-C184A9C68D6C}.Debug|Any CPU.Build.0 = Debug|Any CPU
		{AB1ED248-3F06-4B32-BBFD-C184A9C68D6C}.Release|Any CPU.ActiveCfg = Release|Any CPU
		{AB1ED248-3F06-4B32-BBFD-C184A9C68D6C}.Release|Any CPU.Build.0 = Release|Any CPU
		{8577CEC2-C842-4F41-94AF-B527BECE1A55}.Debug|Any CPU.ActiveCfg = Debug|Any CPU
		{8577CEC2-C842-4F41-94AF-B527BECE1A55}.Debug|Any CPU.Build.0 = Debug|Any CPU
		{8577CEC2-C842-4F41-94AF-B527BECE1A55}.Release|Any CPU.ActiveCfg = Release|Any CPU
		{8577CEC2-C842-4F41-94AF-B527BECE1A55}.Release|Any CPU.Build.0 = Release|Any CPU
		{452881E0-5854-4682-AA58-1F533039FCD1}.Debug|Any CPU.ActiveCfg = Debug|Any CPU
		{452881E0-5854-4682-AA58-1F533039FCD1}.Debug|Any CPU.Build.0 = Debug|Any CPU
		{452881E0-5854-4682-AA58-1F533039FCD1}.Release|Any CPU.ActiveCfg = Release|Any CPU
		{452881E0-5854-4682-AA58-1F533039FCD1}.Release|Any CPU.Build.0 = Release|Any CPU
		{1DAA2E76-7B16-4C94-9556-D46FD75572F1}.Debug|Any CPU.ActiveCfg = Debug|Any CPU
		{1DAA2E76-7B16-4C94-9556-D46FD75572F1}.Debug|Any CPU.Build.0 = Debug|Any CPU
		{1DAA2E76-7B16-4C94-9556-D46FD75572F1}.Release|Any CPU.ActiveCfg = Release|Any CPU
		{1DAA2E76-7B16-4C94-9556-D46FD75572F1}.Release|Any CPU.Build.0 = Release|Any CPU
		{43DF5534-B4F4-4CCE-B218-B012301E0CC7}.Debug|Any CPU.ActiveCfg = Debug|Any CPU
		{43DF5534-B4F4-4CCE-B218-B012301E0CC7}.Debug|Any CPU.Build.0 = Debug|Any CPU
		{43DF5534-B4F4-4CCE-B218-B012301E0CC7}.Release|Any CPU.ActiveCfg = Release|Any CPU
		{43DF5534-B4F4-4CCE-B218-B012301E0CC7}.Release|Any CPU.Build.0 = Release|Any CPU
		{153687CC-2A61-4E4C-B657-2916E86D2CC3}.Debug|Any CPU.ActiveCfg = Debug|Any CPU
		{153687CC-2A61-4E4C-B657-2916E86D2CC3}.Debug|Any CPU.Build.0 = Debug|Any CPU
		{153687CC-2A61-4E4C-B657-2916E86D2CC3}.Release|Any CPU.ActiveCfg = Release|Any CPU
		{153687CC-2A61-4E4C-B657-2916E86D2CC3}.Release|Any CPU.Build.0 = Release|Any CPU
		{38690557-4821-476D-950F-C0C4C5DC064A}.Debug|Any CPU.ActiveCfg = Debug|Any CPU
		{38690557-4821-476D-950F-C0C4C5DC064A}.Debug|Any CPU.Build.0 = Debug|Any CPU
		{38690557-4821-476D-950F-C0C4C5DC064A}.Release|Any CPU.ActiveCfg = Release|Any CPU
		{38690557-4821-476D-950F-C0C4C5DC064A}.Release|Any CPU.Build.0 = Release|Any CPU
	EndGlobalSection
	GlobalSection(SolutionProperties) = preSolution
		HideSolutionNode = FALSE
	EndGlobalSection
	GlobalSection(NestedProjects) = preSolution
		{940F4549-4E75-43B6-A6FF-7EF69A36E917} = {DB84581F-7988-4EF1-AEEE-A08F7C3EB504}
		{8577CEC2-C842-4F41-94AF-B527BECE1A55} = {DB84581F-7988-4EF1-AEEE-A08F7C3EB504}
	EndGlobalSection
	GlobalSection(ExtensibilityGlobals) = postSolution
		SolutionGuid = {1E3F419E-3782-4056-AE10-097EFCD9EC78}
	EndGlobalSection
EndGlobal
